
Microsoft Visual Studio Solution File, Format Version 12.00
# Visual Studio Version 16
VisualStudioVersion = 25.0.1706.2
MinimumVisualStudioVersion = 10.0.40219.1
Project("{FAE04EC0-301F-11D3-BF4B-00C04F79EFBC}") = "ProductPricings", "ProductPricings\ProductPricings.csproj", "{207FFDEE-C039-4817-8B0E-35884FFB6326}"
EndProject
Project("{2150E333-8FDC-42A3-9474-1A3956D46DE8}") = "Solution Items", "Solution Items", "{081E693F-1BE8-411C-90F1-AC78564B33B0}"
	ProjectSection(SolutionItems) = preProject
		.editorconfig = .editorconfig
	EndProjectSection
EndProject
Global
	GlobalSection(SolutionConfigurationPlatforms) = preSolution
		Debug|Any CPU = Debug|Any CPU
		Release|Any CPU = Release|Any CPU
	EndGlobalSection
	GlobalSection(ProjectConfigurationPlatforms) = postSolution
		{207FFDEE-C039-4817-8B0E-35884FFB6326}.Debug|Any CPU.ActiveCfg = Debug|Any CPU
		{207FFDEE-C039-4817-8B0E-35884FFB6326}.Debug|Any CPU.Build.0 = Debug|Any CPU
		{207FFDEE-C039-4817-8B0E-35884FFB6326}.Release|Any CPU.ActiveCfg = Release|Any CPU
		{207FFDEE-C039-4817-8B0E-35884FFB6326}.Release|Any CPU.Build.0 = Release|Any CPU
	EndGlobalSection
	GlobalSection(SolutionProperties) = preSolution
		HideSolutionNode = FALSE
	EndGlobalSection
	GlobalSection(ExtensibilityGlobals) = postSolution
		SolutionGuid = {774A287D-5B20-4591-BE51-728C5643FBF5}
	EndGlobalSection
EndGlobal
